
Microsoft Visual Studio Solution File, Format Version 12.00
# Visual Studio Version 16
VisualStudioVersion = 16.0.30225.117
MinimumVisualStudioVersion = 10.0.40219.1
Project("{9A19103F-16F7-4668-BE54-9A1E7A4F7556}") = "FindingPrimes", "FindingPrimes.csproj", "{FCC8BB90-6979-429F-9BFB-B0FD757B57B4}"
EndProject
Project("{9A19103F-16F7-4668-BE54-9A1E7A4F7556}") = "FindingPrimesTests", "..\FindingPrimesTests\FindingPrimesTests.csproj", "{7EDE2BA4-CF0D-45A7-980D-E9C5725F4A11}"
EndProject
Global
	GlobalSection(SolutionConfigurationPlatforms) = preSolution
		Debug|Any CPU = Debug|Any CPU
		Release|Any CPU = Release|Any CPU
	EndGlobalSection
	GlobalSection(ProjectConfigurationPlatforms) = postSolution
		{FCC8BB90-6979-429F-9BFB-B0FD757B57B4}.Debug|Any CPU.ActiveCfg = Debug|Any CPU
		{FCC8BB90-6979-429F-9BFB-B0FD757B57B4}.Debug|Any CPU.Build.0 = Debug|Any CPU
		{FCC8BB90-6979-429F-9BFB-B0FD757B57B4}.Release|Any CPU.ActiveCfg = Release|Any CPU
		{FCC8BB90-6979-429F-9BFB-B0FD757B57B4}.Release|Any CPU.Build.0 = Release|Any CPU
		{7EDE2BA4-CF0D-45A7-980D-E9C5725F4A11}.Debug|Any CPU.ActiveCfg = Debug|Any CPU
		{7EDE2BA4-CF0D-45A7-980D-E9C5725F4A11}.Debug|Any CPU.Build.0 = Debug|Any CPU
		{7EDE2BA4-CF0D-45A7-980D-E9C5725F4A11}.Release|Any CPU.ActiveCfg = Release|Any CPU
		{7EDE2BA4-CF0D-45A7-980D-E9C5725F4A11}.Release|Any CPU.Build.0 = Release|Any CPU
	EndGlobalSection
	GlobalSection(SolutionProperties) = preSolution
		HideSolutionNode = FALSE
	EndGlobalSection
	GlobalSection(ExtensibilityGlobals) = postSolution
		SolutionGuid = {5017907E-B628-4710-A6D8-EC64A3812017}
	EndGlobalSection
EndGlobal
